// !$*UTF8*$!
{
	archiveVersion = 1;
	classes = {
	};
	objectVersion = 51;
	objects = {

/* Begin PBXBuildFile section */
		2A2BEB062807C052008E398B /* Assets.xcassets in Resources */ = {isa = PBXBuildFile; fileRef = 2A2BEB052807C052008E398B /* Assets.xcassets */; };
		6AA7D99D27F90FB400073D4A /* ConnectCell.swift in Sources */ = {isa = PBXBuildFile; fileRef = 6AA7D99C27F90FB400073D4A /* ConnectCell.swift */; };
		6ACEB83A27F8DB3D00791035 /* AppDelegate.swift in Sources */ = {isa = PBXBuildFile; fileRef = 6ACEB83927F8DB3D00791035 /* AppDelegate.swift */; };
		6ACEB83C27F8DB3D00791035 /* SceneDelegate.swift in Sources */ = {isa = PBXBuildFile; fileRef = 6ACEB83B27F8DB3D00791035 /* SceneDelegate.swift */; };
		6ACEB84127F8DB3D00791035 /* Main.storyboard in Resources */ = {isa = PBXBuildFile; fileRef = 6ACEB83F27F8DB3D00791035 /* Main.storyboard */; };
		6ACEB84627F8DB3F00791035 /* LaunchScreen.storyboard in Resources */ = {isa = PBXBuildFile; fileRef = 6ACEB84427F8DB3F00791035 /* LaunchScreen.storyboard */; };
		6ACEB85627F8DCF600791035 /* LoginViewController.swift in Sources */ = {isa = PBXBuildFile; fileRef = 6ACEB85527F8DCF600791035 /* LoginViewController.swift */; };
		6ACEB85A27F8E57D00791035 /* ConnectViewController.swift in Sources */ = {isa = PBXBuildFile; fileRef = 6ACEB85927F8E57D00791035 /* ConnectViewController.swift */; };
		6ACEB85D27F8E5D500791035 /* GoalsViewController.swift in Sources */ = {isa = PBXBuildFile; fileRef = 6ACEB85C27F8E5D500791035 /* GoalsViewController.swift */; };
		6ACEB86027F8E61A00791035 /* ForumViewController.swift in Sources */ = {isa = PBXBuildFile; fileRef = 6ACEB85F27F8E61A00791035 /* ForumViewController.swift */; };
		6ACEB86327F8E65E00791035 /* SettingsViewController.swift in Sources */ = {isa = PBXBuildFile; fileRef = 6ACEB86227F8E65E00791035 /* SettingsViewController.swift */; };
		6ACEB86627F8FFB100791035 /* SignupViewController.swift in Sources */ = {isa = PBXBuildFile; fileRef = 6ACEB86527F8FFB100791035 /* SignupViewController.swift */; };
		6ACEB86927F9005F00791035 /* ProfileViewController.swift in Sources */ = {isa = PBXBuildFile; fileRef = 6ACEB86827F9005F00791035 /* ProfileViewController.swift */; };
		7FB70ACE280A484200472FDF /* ForumCell.swift in Sources */ = {isa = PBXBuildFile; fileRef = 7FB70ACD280A484200472FDF /* ForumCell.swift */; };
		7FB70AD0280A48D700472FDF /* ForumCategoryCell.swift in Sources */ = {isa = PBXBuildFile; fileRef = 7FB70ACF280A48D700472FDF /* ForumCategoryCell.swift */; };
		8024B851DD5540C38A5CFEAC /* Pods_AccountabilityBuddy.framework in Frameworks */ = {isa = PBXBuildFile; fileRef = 368BB45B0813EFA3BFA022BF /* Pods_AccountabilityBuddy.framework */; };
/* End PBXBuildFile section */

/* Begin PBXFileReference section */
		1C980CB1342E1DE4B01FFE6E /* Pods-AccountabilityBuddy.debug.xcconfig */ = {isa = PBXFileReference; includeInIndex = 1; lastKnownFileType = text.xcconfig; name = "Pods-AccountabilityBuddy.debug.xcconfig"; path = "Target Support Files/Pods-AccountabilityBuddy/Pods-AccountabilityBuddy.debug.xcconfig"; sourceTree = "<group>"; };
		2A2BEB052807C052008E398B /* Assets.xcassets */ = {isa = PBXFileReference; lastKnownFileType = folder.assetcatalog; path = Assets.xcassets; sourceTree = "<group>"; };
		368BB45B0813EFA3BFA022BF /* Pods_AccountabilityBuddy.framework */ = {isa = PBXFileReference; explicitFileType = wrapper.framework; includeInIndex = 0; path = Pods_AccountabilityBuddy.framework; sourceTree = BUILT_PRODUCTS_DIR; };
		6AA7D99C27F90FB400073D4A /* ConnectCell.swift */ = {isa = PBXFileReference; lastKnownFileType = sourcecode.swift; path = ConnectCell.swift; sourceTree = "<group>"; };
		6ACEB83627F8DB3D00791035 /* AccountabilityBuddy.app */ = {isa = PBXFileReference; explicitFileType = wrapper.application; includeInIndex = 0; path = AccountabilityBuddy.app; sourceTree = BUILT_PRODUCTS_DIR; };
		6ACEB83927F8DB3D00791035 /* AppDelegate.swift */ = {isa = PBXFileReference; lastKnownFileType = sourcecode.swift; path = AppDelegate.swift; sourceTree = "<group>"; };
		6ACEB83B27F8DB3D00791035 /* SceneDelegate.swift */ = {isa = PBXFileReference; lastKnownFileType = sourcecode.swift; path = SceneDelegate.swift; sourceTree = "<group>"; };
		6ACEB84027F8DB3D00791035 /* Base */ = {isa = PBXFileReference; lastKnownFileType = file.storyboard; name = Base; path = Base.lproj/Main.storyboard; sourceTree = "<group>"; };
		6ACEB84527F8DB3F00791035 /* Base */ = {isa = PBXFileReference; lastKnownFileType = file.storyboard; name = Base; path = Base.lproj/LaunchScreen.storyboard; sourceTree = "<group>"; };
		6ACEB84727F8DB3F00791035 /* Info.plist */ = {isa = PBXFileReference; lastKnownFileType = text.plist.xml; path = Info.plist; sourceTree = "<group>"; };
		6ACEB85527F8DCF600791035 /* LoginViewController.swift */ = {isa = PBXFileReference; lastKnownFileType = sourcecode.swift; path = LoginViewController.swift; sourceTree = "<group>"; };
		6ACEB85927F8E57D00791035 /* ConnectViewController.swift */ = {isa = PBXFileReference; lastKnownFileType = sourcecode.swift; path = ConnectViewController.swift; sourceTree = "<group>"; };
		6ACEB85C27F8E5D500791035 /* GoalsViewController.swift */ = {isa = PBXFileReference; lastKnownFileType = sourcecode.swift; path = GoalsViewController.swift; sourceTree = "<group>"; };
		6ACEB85F27F8E61A00791035 /* ForumViewController.swift */ = {isa = PBXFileReference; lastKnownFileType = sourcecode.swift; path = ForumViewController.swift; sourceTree = "<group>"; };
		6ACEB86227F8E65E00791035 /* SettingsViewController.swift */ = {isa = PBXFileReference; lastKnownFileType = sourcecode.swift; path = SettingsViewController.swift; sourceTree = "<group>"; };
		6ACEB86527F8FFB100791035 /* SignupViewController.swift */ = {isa = PBXFileReference; lastKnownFileType = sourcecode.swift; path = SignupViewController.swift; sourceTree = "<group>"; };
		6ACEB86827F9005F00791035 /* ProfileViewController.swift */ = {isa = PBXFileReference; lastKnownFileType = sourcecode.swift; path = ProfileViewController.swift; sourceTree = "<group>"; };
		7A836BE1807396B2D63498AD /* Pods-AccountabilityBuddy.release.xcconfig */ = {isa = PBXFileReference; includeInIndex = 1; lastKnownFileType = text.xcconfig; name = "Pods-AccountabilityBuddy.release.xcconfig"; path = "Target Support Files/Pods-AccountabilityBuddy/Pods-AccountabilityBuddy.release.xcconfig"; sourceTree = "<group>"; };
		7FB70ACD280A484200472FDF /* ForumCell.swift */ = {isa = PBXFileReference; lastKnownFileType = sourcecode.swift; path = ForumCell.swift; sourceTree = "<group>"; };
		7FB70ACF280A48D700472FDF /* ForumCategoryCell.swift */ = {isa = PBXFileReference; lastKnownFileType = sourcecode.swift; path = ForumCategoryCell.swift; sourceTree = "<group>"; };
/* End PBXFileReference section */

/* Begin PBXFrameworksBuildPhase section */
		6ACEB83327F8DB3D00791035 /* Frameworks */ = {
			isa = PBXFrameworksBuildPhase;
			buildActionMask = 2147483647;
			files = (
				8024B851DD5540C38A5CFEAC /* Pods_AccountabilityBuddy.framework in Frameworks */,
			);
			runOnlyForDeploymentPostprocessing = 0;
		};
/* End PBXFrameworksBuildPhase section */

/* Begin PBXGroup section */
		07F4A73882B9DEA6AED941CA /* Frameworks */ = {
			isa = PBXGroup;
			children = (
				368BB45B0813EFA3BFA022BF /* Pods_AccountabilityBuddy.framework */,
			);
			name = Frameworks;
			sourceTree = "<group>";
		};
		2AB579E027FFD2B0002C7E57 /* View */ = {
			isa = PBXGroup;
			children = (
				6ACEB86827F9005F00791035 /* ProfileViewController.swift */,
			);
			path = View;
			sourceTree = "<group>";
		};
		6ACEB82D27F8DB3D00791035 = {
			isa = PBXGroup;
			children = (
				6ACEB83827F8DB3D00791035 /* AccountabilityBuddy */,
				6ACEB83727F8DB3D00791035 /* Products */,
				8A35D85575BC49D62659D0BD /* Pods */,
				07F4A73882B9DEA6AED941CA /* Frameworks */,
			);
			sourceTree = "<group>";
		};
		6ACEB83727F8DB3D00791035 /* Products */ = {
			isa = PBXGroup;
			children = (
				6ACEB83627F8DB3D00791035 /* AccountabilityBuddy.app */,
			);
			name = Products;
			sourceTree = "<group>";
		};
		6ACEB83827F8DB3D00791035 /* AccountabilityBuddy */ = {
			isa = PBXGroup;
			children = (
				2AB579E027FFD2B0002C7E57 /* View */,
				6ACEB83927F8DB3D00791035 /* AppDelegate.swift */,
				6ACEB83B27F8DB3D00791035 /* SceneDelegate.swift */,
				6ACEB85527F8DCF600791035 /* LoginViewController.swift */,
				6ACEB83F27F8DB3D00791035 /* Main.storyboard */,
				7FB70ACF280A48D700472FDF /* ForumCategoryCell.swift */,
				7FB70ACD280A484200472FDF /* ForumCell.swift */,
				6ACEB84427F8DB3F00791035 /* LaunchScreen.storyboard */,
				2A2BEB052807C052008E398B /* Assets.xcassets */,
				6ACEB84727F8DB3F00791035 /* Info.plist */,
				6ACEB85927F8E57D00791035 /* ConnectViewController.swift */,
				6ACEB85C27F8E5D500791035 /* GoalsViewController.swift */,
				6ACEB85F27F8E61A00791035 /* ForumViewController.swift */,
				6ACEB86227F8E65E00791035 /* SettingsViewController.swift */,
				6ACEB86527F8FFB100791035 /* SignupViewController.swift */,
				6AA7D99C27F90FB400073D4A /* ConnectCell.swift */,
			);
			path = AccountabilityBuddy;
			sourceTree = "<group>";
		};
		8A35D85575BC49D62659D0BD /* Pods */ = {
			isa = PBXGroup;
			children = (
				1C980CB1342E1DE4B01FFE6E /* Pods-AccountabilityBuddy.debug.xcconfig */,
				7A836BE1807396B2D63498AD /* Pods-AccountabilityBuddy.release.xcconfig */,
			);
			path = Pods;
			sourceTree = "<group>";
		};
/* End PBXGroup section */

/* Begin PBXNativeTarget section */
		6ACEB83527F8DB3D00791035 /* AccountabilityBuddy */ = {
			isa = PBXNativeTarget;
			buildConfigurationList = 6ACEB84A27F8DB3F00791035 /* Build configuration list for PBXNativeTarget "AccountabilityBuddy" */;
			buildPhases = (
				F85425C65DD61AE6787B4E0A /* [CP] Check Pods Manifest.lock */,
				6ACEB83227F8DB3D00791035 /* Sources */,
				6ACEB83327F8DB3D00791035 /* Frameworks */,
				6ACEB83427F8DB3D00791035 /* Resources */,
				0BE397FF7D43CC0C3F2EBD2C /* [CP] Embed Pods Frameworks */,
			);
			buildRules = (
			);
			dependencies = (
			);
			name = AccountabilityBuddy;
			productName = AccountabilityBuddy;
			productReference = 6ACEB83627F8DB3D00791035 /* AccountabilityBuddy.app */;
			productType = "com.apple.product-type.application";
		};
/* End PBXNativeTarget section */

/* Begin PBXProject section */
		6ACEB82E27F8DB3D00791035 /* Project object */ = {
			isa = PBXProject;
			attributes = {
				LastSwiftUpdateCheck = 1240;
				LastUpgradeCheck = 1240;
				TargetAttributes = {
					6ACEB83527F8DB3D00791035 = {
						CreatedOnToolsVersion = 12.4;
					};
				};
			};
			buildConfigurationList = 6ACEB83127F8DB3D00791035 /* Build configuration list for PBXProject "AccountabilityBuddy" */;
			compatibilityVersion = "Xcode 9.3";
			developmentRegion = en;
			hasScannedForEncodings = 0;
			knownRegions = (
				en,
				Base,
			);
			mainGroup = 6ACEB82D27F8DB3D00791035;
			productRefGroup = 6ACEB83727F8DB3D00791035 /* Products */;
			projectDirPath = "";
			projectRoot = "";
			targets = (
				6ACEB83527F8DB3D00791035 /* AccountabilityBuddy */,
			);
		};
/* End PBXProject section */

/* Begin PBXResourcesBuildPhase section */
		6ACEB83427F8DB3D00791035 /* Resources */ = {
			isa = PBXResourcesBuildPhase;
			buildActionMask = 2147483647;
			files = (
				6ACEB84627F8DB3F00791035 /* LaunchScreen.storyboard in Resources */,
				2A2BEB062807C052008E398B /* Assets.xcassets in Resources */,
				6ACEB84127F8DB3D00791035 /* Main.storyboard in Resources */,
			);
			runOnlyForDeploymentPostprocessing = 0;
		};
/* End PBXResourcesBuildPhase section */

/* Begin PBXShellScriptBuildPhase section */
		0BE397FF7D43CC0C3F2EBD2C /* [CP] Embed Pods Frameworks */ = {
			isa = PBXShellScriptBuildPhase;
			buildActionMask = 2147483647;
			files = (
			);
			inputFileListPaths = (
				"${PODS_ROOT}/Target Support Files/Pods-AccountabilityBuddy/Pods-AccountabilityBuddy-frameworks-${CONFIGURATION}-input-files.xcfilelist",
			);
			name = "[CP] Embed Pods Frameworks";
			outputFileListPaths = (
				"${PODS_ROOT}/Target Support Files/Pods-AccountabilityBuddy/Pods-AccountabilityBuddy-frameworks-${CONFIGURATION}-output-files.xcfilelist",
			);
			runOnlyForDeploymentPostprocessing = 0;
			shellPath = /bin/sh;
			shellScript = "\"${PODS_ROOT}/Target Support Files/Pods-AccountabilityBuddy/Pods-AccountabilityBuddy-frameworks.sh\"\n";
			showEnvVarsInLog = 0;
		};
		F85425C65DD61AE6787B4E0A /* [CP] Check Pods Manifest.lock */ = {
			isa = PBXShellScriptBuildPhase;
			buildActionMask = 2147483647;
			files = (
			);
			inputFileListPaths = (
			);
			inputPaths = (
				"${PODS_PODFILE_DIR_PATH}/Podfile.lock",
				"${PODS_ROOT}/Manifest.lock",
			);
			name = "[CP] Check Pods Manifest.lock";
			outputFileListPaths = (
			);
			outputPaths = (
				"$(DERIVED_FILE_DIR)/Pods-AccountabilityBuddy-checkManifestLockResult.txt",
			);
			runOnlyForDeploymentPostprocessing = 0;
			shellPath = /bin/sh;
			shellScript = "diff \"${PODS_PODFILE_DIR_PATH}/Podfile.lock\" \"${PODS_ROOT}/Manifest.lock\" > /dev/null\nif [ $? != 0 ] ; then\n    # print error to STDERR\n    echo \"error: The sandbox is not in sync with the Podfile.lock. Run 'pod install' or update your CocoaPods installation.\" >&2\n    exit 1\nfi\n# This output is used by Xcode 'outputs' to avoid re-running this script phase.\necho \"SUCCESS\" > \"${SCRIPT_OUTPUT_FILE_0}\"\n";
			showEnvVarsInLog = 0;
		};
/* End PBXShellScriptBuildPhase section */

/* Begin PBXSourcesBuildPhase section */
		6ACEB83227F8DB3D00791035 /* Sources */ = {
			isa = PBXSourcesBuildPhase;
			buildActionMask = 2147483647;
			files = (
				6ACEB85627F8DCF600791035 /* LoginViewController.swift in Sources */,
				6ACEB83A27F8DB3D00791035 /* AppDelegate.swift in Sources */,
				6ACEB86627F8FFB100791035 /* SignupViewController.swift in Sources */,
				7FB70AD0280A48D700472FDF /* ForumCategoryCell.swift in Sources */,
				6ACEB86327F8E65E00791035 /* SettingsViewController.swift in Sources */,
				6ACEB86027F8E61A00791035 /* ForumViewController.swift in Sources */,
				6AA7D99D27F90FB400073D4A /* ConnectCell.swift in Sources */,
				6ACEB83C27F8DB3D00791035 /* SceneDelegate.swift in Sources */,
				6ACEB86927F9005F00791035 /* ProfileViewController.swift in Sources */,
				6ACEB85A27F8E57D00791035 /* ConnectViewController.swift in Sources */,
				6ACEB85D27F8E5D500791035 /* GoalsViewController.swift in Sources */,
				7FB70ACE280A484200472FDF /* ForumCell.swift in Sources */,
			);
			runOnlyForDeploymentPostprocessing = 0;
		};
/* End PBXSourcesBuildPhase section */

/* Begin PBXVariantGroup section */
		6ACEB83F27F8DB3D00791035 /* Main.storyboard */ = {
			isa = PBXVariantGroup;
			children = (
				6ACEB84027F8DB3D00791035 /* Base */,
			);
			name = Main.storyboard;
			sourceTree = "<group>";
		};
		6ACEB84427F8DB3F00791035 /* LaunchScreen.storyboard */ = {
			isa = PBXVariantGroup;
			children = (
				6ACEB84527F8DB3F00791035 /* Base */,
			);
			name = LaunchScreen.storyboard;
			sourceTree = "<group>";
		};
/* End PBXVariantGroup section */

/* Begin XCBuildConfiguration section */
		6ACEB84827F8DB3F00791035 /* Debug */ = {
			isa = XCBuildConfiguration;
			buildSettings = {
				ALWAYS_SEARCH_USER_PATHS = NO;
				CLANG_ANALYZER_NONNULL = YES;
				CLANG_ANALYZER_NUMBER_OBJECT_CONVERSION = YES_AGGRESSIVE;
				CLANG_CXX_LANGUAGE_STANDARD = "gnu++14";
				CLANG_CXX_LIBRARY = "libc++";
				CLANG_ENABLE_MODULES = YES;
				CLANG_ENABLE_OBJC_ARC = YES;
				CLANG_ENABLE_OBJC_WEAK = YES;
				CLANG_WARN_BLOCK_CAPTURE_AUTORELEASING = YES;
				CLANG_WARN_BOOL_CONVERSION = YES;
				CLANG_WARN_COMMA = YES;
				CLANG_WARN_CONSTANT_CONVERSION = YES;
				CLANG_WARN_DEPRECATED_OBJC_IMPLEMENTATIONS = YES;
				CLANG_WARN_DIRECT_OBJC_ISA_USAGE = YES_ERROR;
				CLANG_WARN_DOCUMENTATION_COMMENTS = YES;
				CLANG_WARN_EMPTY_BODY = YES;
				CLANG_WARN_ENUM_CONVERSION = YES;
				CLANG_WARN_INFINITE_RECURSION = YES;
				CLANG_WARN_INT_CONVERSION = YES;
				CLANG_WARN_NON_LITERAL_NULL_CONVERSION = YES;
				CLANG_WARN_OBJC_IMPLICIT_RETAIN_SELF = YES;
				CLANG_WARN_OBJC_LITERAL_CONVERSION = YES;
				CLANG_WARN_OBJC_ROOT_CLASS = YES_ERROR;
				CLANG_WARN_QUOTED_INCLUDE_IN_FRAMEWORK_HEADER = YES;
				CLANG_WARN_RANGE_LOOP_ANALYSIS = YES;
				CLANG_WARN_STRICT_PROTOTYPES = YES;
				CLANG_WARN_SUSPICIOUS_MOVE = YES;
				CLANG_WARN_UNGUARDED_AVAILABILITY = YES_AGGRESSIVE;
				CLANG_WARN_UNREACHABLE_CODE = YES;
				CLANG_WARN__DUPLICATE_METHOD_MATCH = YES;
				COPY_PHASE_STRIP = NO;
				DEBUG_INFORMATION_FORMAT = dwarf;
				ENABLE_STRICT_OBJC_MSGSEND = YES;
				ENABLE_TESTABILITY = YES;
				GCC_C_LANGUAGE_STANDARD = gnu11;
				GCC_DYNAMIC_NO_PIC = NO;
				GCC_NO_COMMON_BLOCKS = YES;
				GCC_OPTIMIZATION_LEVEL = 0;
				GCC_PREPROCESSOR_DEFINITIONS = (
					"DEBUG=1",
					"$(inherited)",
				);
				GCC_WARN_64_TO_32_BIT_CONVERSION = YES;
				GCC_WARN_ABOUT_RETURN_TYPE = YES_ERROR;
				GCC_WARN_UNDECLARED_SELECTOR = YES;
				GCC_WARN_UNINITIALIZED_AUTOS = YES_AGGRESSIVE;
				GCC_WARN_UNUSED_FUNCTION = YES;
				GCC_WARN_UNUSED_VARIABLE = YES;
				IPHONEOS_DEPLOYMENT_TARGET = 14.4;
				MTL_ENABLE_DEBUG_INFO = INCLUDE_SOURCE;
				MTL_FAST_MATH = YES;
				ONLY_ACTIVE_ARCH = YES;
				SDKROOT = iphoneos;
				SWIFT_ACTIVE_COMPILATION_CONDITIONS = DEBUG;
				SWIFT_OPTIMIZATION_LEVEL = "-Onone";
			};
			name = Debug;
		};
		6ACEB84927F8DB3F00791035 /* Release */ = {
			isa = XCBuildConfiguration;
			buildSettings = {
				ALWAYS_SEARCH_USER_PATHS = NO;
				CLANG_ANALYZER_NONNULL = YES;
				CLANG_ANALYZER_NUMBER_OBJECT_CONVERSION = YES_AGGRESSIVE;
				CLANG_CXX_LANGUAGE_STANDARD = "gnu++14";
				CLANG_CXX_LIBRARY = "libc++";
				CLANG_ENABLE_MODULES = YES;
				CLANG_ENABLE_OBJC_ARC = YES;
				CLANG_ENABLE_OBJC_WEAK = YES;
				CLANG_WARN_BLOCK_CAPTURE_AUTORELEASING = YES;
				CLANG_WARN_BOOL_CONVERSION = YES;
				CLANG_WARN_COMMA = YES;
				CLANG_WARN_CONSTANT_CONVERSION = YES;
				CLANG_WARN_DEPRECATED_OBJC_IMPLEMENTATIONS = YES;
				CLANG_WARN_DIRECT_OBJC_ISA_USAGE = YES_ERROR;
				CLANG_WARN_DOCUMENTATION_COMMENTS = YES;
				CLANG_WARN_EMPTY_BODY = YES;
				CLANG_WARN_ENUM_CONVERSION = YES;
				CLANG_WARN_INFINITE_RECURSION = YES;
				CLANG_WARN_INT_CONVERSION = YES;
				CLANG_WARN_NON_LITERAL_NULL_CONVERSION = YES;
				CLANG_WARN_OBJC_IMPLICIT_RETAIN_SELF = YES;
				CLANG_WARN_OBJC_LITERAL_CONVERSION = YES;
				CLANG_WARN_OBJC_ROOT_CLASS = YES_ERROR;
				CLANG_WARN_QUOTED_INCLUDE_IN_FRAMEWORK_HEADER = YES;
				CLANG_WARN_RANGE_LOOP_ANALYSIS = YES;
				CLANG_WARN_STRICT_PROTOTYPES = YES;
				CLANG_WARN_SUSPICIOUS_MOVE = YES;
				CLANG_WARN_UNGUARDED_AVAILABILITY = YES_AGGRESSIVE;
				CLANG_WARN_UNREACHABLE_CODE = YES;
				CLANG_WARN__DUPLICATE_METHOD_MATCH = YES;
				COPY_PHASE_STRIP = NO;
				DEBUG_INFORMATION_FORMAT = "dwarf-with-dsym";
				ENABLE_NS_ASSERTIONS = NO;
				ENABLE_STRICT_OBJC_MSGSEND = YES;
				GCC_C_LANGUAGE_STANDARD = gnu11;
				GCC_NO_COMMON_BLOCKS = YES;
				GCC_WARN_64_TO_32_BIT_CONVERSION = YES;
				GCC_WARN_ABOUT_RETURN_TYPE = YES_ERROR;
				GCC_WARN_UNDECLARED_SELECTOR = YES;
				GCC_WARN_UNINITIALIZED_AUTOS = YES_AGGRESSIVE;
				GCC_WARN_UNUSED_FUNCTION = YES;
				GCC_WARN_UNUSED_VARIABLE = YES;
				IPHONEOS_DEPLOYMENT_TARGET = 14.4;
				MTL_ENABLE_DEBUG_INFO = NO;
				MTL_FAST_MATH = YES;
				SDKROOT = iphoneos;
				SWIFT_COMPILATION_MODE = wholemodule;
				SWIFT_OPTIMIZATION_LEVEL = "-O";
				VALIDATE_PRODUCT = YES;
			};
			name = Release;
		};
		6ACEB84B27F8DB3F00791035 /* Debug */ = {
			isa = XCBuildConfiguration;
			baseConfigurationReference = 1C980CB1342E1DE4B01FFE6E /* Pods-AccountabilityBuddy.debug.xcconfig */;
			buildSettings = {
				ASSETCATALOG_COMPILER_APPICON_NAME = AppIcon;
				ASSETCATALOG_COMPILER_GLOBAL_ACCENT_COLOR_NAME = AccentColor;
				CODE_SIGN_STYLE = Automatic;
				DEVELOPMENT_TEAM = UNGZHP2BF3;
				INFOPLIST_FILE = AccountabilityBuddy/Info.plist;
				IPHONEOS_DEPLOYMENT_TARGET = 15.0;
				LD_RUNPATH_SEARCH_PATHS = (
					"$(inherited)",
					"@executable_path/Frameworks",
				);
				PRODUCT_BUNDLE_IDENTIFIER = com.codepathgroup.AccountabilityBuddy;
				PRODUCT_NAME = "$(TARGET_NAME)";
				SWIFT_VERSION = 5.0;
				TARGETED_DEVICE_FAMILY = "1,2";
			};
			name = Debug;
		};
		6ACEB84C27F8DB3F00791035 /* Release */ = {
			isa = XCBuildConfiguration;
			baseConfigurationReference = 7A836BE1807396B2D63498AD /* Pods-AccountabilityBuddy.release.xcconfig */;
			buildSettings = {
				ASSETCATALOG_COMPILER_APPICON_NAME = AppIcon;
				ASSETCATALOG_COMPILER_GLOBAL_ACCENT_COLOR_NAME = AccentColor;
				CODE_SIGN_STYLE = Automatic;
				DEVELOPMENT_TEAM = UNGZHP2BF3;
				INFOPLIST_FILE = AccountabilityBuddy/Info.plist;
				IPHONEOS_DEPLOYMENT_TARGET = 15.0;
				LD_RUNPATH_SEARCH_PATHS = (
					"$(inherited)",
					"@executable_path/Frameworks",
				);
				PRODUCT_BUNDLE_IDENTIFIER = com.codepathgroup.AccountabilityBuddy;
				PRODUCT_NAME = "$(TARGET_NAME)";
				SWIFT_VERSION = 5.0;
				TARGETED_DEVICE_FAMILY = "1,2";
			};
			name = Release;
		};
/* End XCBuildConfiguration section */

/* Begin XCConfigurationList section */
		6ACEB83127F8DB3D00791035 /* Build configuration list for PBXProject "AccountabilityBuddy" */ = {
			isa = XCConfigurationList;
			buildConfigurations = (
				6ACEB84827F8DB3F00791035 /* Debug */,
				6ACEB84927F8DB3F00791035 /* Release */,
			);
			defaultConfigurationIsVisible = 0;
			defaultConfigurationName = Release;
		};
		6ACEB84A27F8DB3F00791035 /* Build configuration list for PBXNativeTarget "AccountabilityBuddy" */ = {
			isa = XCConfigurationList;
			buildConfigurations = (
				6ACEB84B27F8DB3F00791035 /* Debug */,
				6ACEB84C27F8DB3F00791035 /* Release */,
			);
			defaultConfigurationIsVisible = 0;
			defaultConfigurationName = Release;
		};
/* End XCConfigurationList section */
	};
	rootObject = 6ACEB82E27F8DB3D00791035 /* Project object */;
}
